
Microsoft Visual Studio Solution File, Format Version 12.00
# Visual Studio Version 17
VisualStudioVersion = 17.12.35527.113 d17.12
MinimumVisualStudioVersion = 10.0.40219.1
Project("{2150E333-8FDC-42A3-9474-1A3956D46DE8}") = "Services", "Services", "{0C903BAA-6EFD-4551-A119-980B8B2D3FD6}"
EndProject
Project("{2150E333-8FDC-42A3-9474-1A3956D46DE8}") = "Catalog", "Catalog", "{B39E22A4-41A1-46F3-9701-4D7AE107BCBB}"
EndProject
Project("{FAE04EC0-301F-11D3-BF4B-00C04F79EFBC}") = "Catalog.API", "Services\Catalog\Catalog.API\Catalog.API.csproj", "{BB71F45E-E4AF-4AE8-9ECC-17CD2CEB19A1}"
EndProject
Project("{2150E333-8FDC-42A3-9474-1A3956D46DE8}") = "BuildingBlocks", "BuildingBlocks", "{E3AC4B8B-8D10-4434-8850-1C04F2E620FE}"
EndProject
Project("{FAE04EC0-301F-11D3-BF4B-00C04F79EFBC}") = "BuildingBlocks", "BuildingBlocks\BuildingBlocks\BuildingBlocks.csproj", "{85D20282-6DDB-4EFE-8451-BBD8C2FC141C}"
EndProject
Project("{E53339B2-1760-4266-BCC7-CA923CBCF16C}") = "docker-compose", "docker-compose.dcproj", "{CA30E925-B8C7-4575-A7A3-88C9C03C8D37}"
EndProject
Global
	GlobalSection(SolutionConfigurationPlatforms) = preSolution
		Debug|Any CPU = Debug|Any CPU
		Release|Any CPU = Release|Any CPU
	EndGlobalSection
	GlobalSection(ProjectConfigurationPlatforms) = postSolution
		{BB71F45E-E4AF-4AE8-9ECC-17CD2CEB19A1}.Debug|Any CPU.ActiveCfg = Debug|Any CPU
		{BB71F45E-E4AF-4AE8-9ECC-17CD2CEB19A1}.Debug|Any CPU.Build.0 = Debug|Any CPU
		{BB71F45E-E4AF-4AE8-9ECC-17CD2CEB19A1}.Release|Any CPU.ActiveCfg = Release|Any CPU
		{BB71F45E-E4AF-4AE8-9ECC-17CD2CEB19A1}.Release|Any CPU.Build.0 = Release|Any CPU
		{85D20282-6DDB-4EFE-8451-BBD8C2FC141C}.Debug|Any CPU.ActiveCfg = Debug|Any CPU
		{85D20282-6DDB-4EFE-8451-BBD8C2FC141C}.Debug|Any CPU.Build.0 = Debug|Any CPU
		{85D20282-6DDB-4EFE-8451-BBD8C2FC141C}.Release|Any CPU.ActiveCfg = Release|Any CPU
		{85D20282-6DDB-4EFE-8451-BBD8C2FC141C}.Release|Any CPU.Build.0 = Release|Any CPU
		{CA30E925-B8C7-4575-A7A3-88C9C03C8D37}.Debug|Any CPU.ActiveCfg = Debug|Any CPU
		{CA30E925-B8C7-4575-A7A3-88C9C03C8D37}.Debug|Any CPU.Build.0 = Debug|Any CPU
		{CA30E925-B8C7-4575-A7A3-88C9C03C8D37}.Release|Any CPU.ActiveCfg = Release|Any CPU
		{CA30E925-B8C7-4575-A7A3-88C9C03C8D37}.Release|Any CPU.Build.0 = Release|Any CPU
	EndGlobalSection
	GlobalSection(SolutionProperties) = preSolution
		HideSolutionNode = FALSE
	EndGlobalSection
	GlobalSection(NestedProjects) = preSolution
		{B39E22A4-41A1-46F3-9701-4D7AE107BCBB} = {0C903BAA-6EFD-4551-A119-980B8B2D3FD6}
		{BB71F45E-E4AF-4AE8-9ECC-17CD2CEB19A1} = {B39E22A4-41A1-46F3-9701-4D7AE107BCBB}
		{85D20282-6DDB-4EFE-8451-BBD8C2FC141C} = {E3AC4B8B-8D10-4434-8850-1C04F2E620FE}
	EndGlobalSection
EndGlobal
